
Microsoft Visual Studio Solution File, Format Version 12.00
# Visual Studio 15
VisualStudioVersion = 15.0.28307.645
MinimumVisualStudioVersion = 10.0.40219.1
Project("{8BC9CEB8-8B4A-11D0-8D11-00A0C91BC942}") = "11.19.2019", "11.19.2019\11.19.2019.vcxproj", "{5DAC04AD-84DD-4D88-B0EF-298F88E1455B}"
EndProject
Global
	GlobalSection(SolutionConfigurationPlatforms) = preSolution
		Debug|x64 = Debug|x64
		Debug|x86 = Debug|x86
		Release|x64 = Release|x64
		Release|x86 = Release|x86
	EndGlobalSection
	GlobalSection(ProjectConfigurationPlatforms) = postSolution
		{5DAC04AD-84DD-4D88-B0EF-298F88E1455B}.Debug|x64.ActiveCfg = Debug|x64
		{5DAC04AD-84DD-4D88-B0EF-298F88E1455B}.Debug|x64.Build.0 = Debug|x64
		{5DAC04AD-84DD-4D88-B0EF-298F88E1455B}.Debug|x86.ActiveCfg = Debug|Win32
		{5DAC04AD-84DD-4D88-B0EF-298F88E1455B}.Debug|x86.Build.0 = Debug|Win32
		{5DAC04AD-84DD-4D88-B0EF-298F88E1455B}.Release|x64.ActiveCfg = Release|x64
		{5DAC04AD-84DD-4D88-B0EF-298F88E1455B}.Release|x64.Build.0 = Release|x64
		{5DAC04AD-84DD-4D88-B0EF-298F88E1455B}.Release|x86.ActiveCfg = Release|Win32
		{5DAC04AD-84DD-4D88-B0EF-298F88E1455B}.Release|x86.Build.0 = Release|Win32
	EndGlobalSection
	GlobalSection(SolutionProperties) = preSolution
		HideSolutionNode = FALSE
	EndGlobalSection
	GlobalSection(ExtensibilityGlobals) = postSolution
		SolutionGuid = {350D33D4-2064-4450-9FB8-C14A77441079}
	EndGlobalSection
EndGlobal
