
Microsoft Visual Studio Solution File, Format Version 12.00
# Visual Studio 15
VisualStudioVersion = 15.0.28307.705
MinimumVisualStudioVersion = 10.0.40219.1
Project("{8BC9CEB8-8B4A-11D0-8D11-00A0C91BC942}") = "27. Pattern", "27. Pattern\27. Pattern.vcxproj", "{D1FED248-E0CA-438F-B910-DDE8E823EF5B}"
EndProject
Global
	GlobalSection(SolutionConfigurationPlatforms) = preSolution
		Debug|x64 = Debug|x64
		Debug|x86 = Debug|x86
		Release|x64 = Release|x64
		Release|x86 = Release|x86
	EndGlobalSection
	GlobalSection(ProjectConfigurationPlatforms) = postSolution
		{D1FED248-E0CA-438F-B910-DDE8E823EF5B}.Debug|x64.ActiveCfg = Debug|x64
		{D1FED248-E0CA-438F-B910-DDE8E823EF5B}.Debug|x64.Build.0 = Debug|x64
		{D1FED248-E0CA-438F-B910-DDE8E823EF5B}.Debug|x86.ActiveCfg = Debug|Win32
		{D1FED248-E0CA-438F-B910-DDE8E823EF5B}.Debug|x86.Build.0 = Debug|Win32
		{D1FED248-E0CA-438F-B910-DDE8E823EF5B}.Release|x64.ActiveCfg = Release|x64
		{D1FED248-E0CA-438F-B910-DDE8E823EF5B}.Release|x64.Build.0 = Release|x64
		{D1FED248-E0CA-438F-B910-DDE8E823EF5B}.Release|x86.ActiveCfg = Release|Win32
		{D1FED248-E0CA-438F-B910-DDE8E823EF5B}.Release|x86.Build.0 = Release|Win32
	EndGlobalSection
	GlobalSection(SolutionProperties) = preSolution
		HideSolutionNode = FALSE
	EndGlobalSection
	GlobalSection(ExtensibilityGlobals) = postSolution
		SolutionGuid = {34EECFF2-D4FB-47B2-82A4-E2882EF85988}
	EndGlobalSection
EndGlobal
