
Microsoft Visual Studio Solution File, Format Version 12.00
# Visual Studio 15
VisualStudioVersion = 15.0.28307.705
MinimumVisualStudioVersion = 10.0.40219.1
Project("{8BC9CEB8-8B4A-11D0-8D11-00A0C91BC942}") = "04. Task. Train", "04. Task. Train\04. Task. Train.vcxproj", "{5D36EC80-B655-4010-89E5-71FE9BC95FEC}"
EndProject
Global
	GlobalSection(SolutionConfigurationPlatforms) = preSolution
		Debug|x64 = Debug|x64
		Debug|x86 = Debug|x86
		Release|x64 = Release|x64
		Release|x86 = Release|x86
	EndGlobalSection
	GlobalSection(ProjectConfigurationPlatforms) = postSolution
		{5D36EC80-B655-4010-89E5-71FE9BC95FEC}.Debug|x64.ActiveCfg = Debug|x64
		{5D36EC80-B655-4010-89E5-71FE9BC95FEC}.Debug|x64.Build.0 = Debug|x64
		{5D36EC80-B655-4010-89E5-71FE9BC95FEC}.Debug|x86.ActiveCfg = Debug|Win32
		{5D36EC80-B655-4010-89E5-71FE9BC95FEC}.Debug|x86.Build.0 = Debug|Win32
		{5D36EC80-B655-4010-89E5-71FE9BC95FEC}.Release|x64.ActiveCfg = Release|x64
		{5D36EC80-B655-4010-89E5-71FE9BC95FEC}.Release|x64.Build.0 = Release|x64
		{5D36EC80-B655-4010-89E5-71FE9BC95FEC}.Release|x86.ActiveCfg = Release|Win32
		{5D36EC80-B655-4010-89E5-71FE9BC95FEC}.Release|x86.Build.0 = Release|Win32
	EndGlobalSection
	GlobalSection(SolutionProperties) = preSolution
		HideSolutionNode = FALSE
	EndGlobalSection
	GlobalSection(ExtensibilityGlobals) = postSolution
		SolutionGuid = {452FE4D2-C5DF-467A-8B06-B688E80B2FE3}
	EndGlobalSection
EndGlobal
