
Microsoft Visual Studio Solution File, Format Version 12.00
# Visual Studio 15
VisualStudioVersion = 15.0.28307.705
MinimumVisualStudioVersion = 10.0.40219.1
Project("{8BC9CEB8-8B4A-11D0-8D11-00A0C91BC942}") = "26. Deqne. Stack", "26. Deqne. Stack\26. Deqne. Stack.vcxproj", "{93B7D557-6279-497E-946F-61A3D642BDB0}"
EndProject
Global
	GlobalSection(SolutionConfigurationPlatforms) = preSolution
		Debug|x64 = Debug|x64
		Debug|x86 = Debug|x86
		Release|x64 = Release|x64
		Release|x86 = Release|x86
	EndGlobalSection
	GlobalSection(ProjectConfigurationPlatforms) = postSolution
		{93B7D557-6279-497E-946F-61A3D642BDB0}.Debug|x64.ActiveCfg = Debug|x64
		{93B7D557-6279-497E-946F-61A3D642BDB0}.Debug|x64.Build.0 = Debug|x64
		{93B7D557-6279-497E-946F-61A3D642BDB0}.Debug|x86.ActiveCfg = Debug|Win32
		{93B7D557-6279-497E-946F-61A3D642BDB0}.Debug|x86.Build.0 = Debug|Win32
		{93B7D557-6279-497E-946F-61A3D642BDB0}.Release|x64.ActiveCfg = Release|x64
		{93B7D557-6279-497E-946F-61A3D642BDB0}.Release|x64.Build.0 = Release|x64
		{93B7D557-6279-497E-946F-61A3D642BDB0}.Release|x86.ActiveCfg = Release|Win32
		{93B7D557-6279-497E-946F-61A3D642BDB0}.Release|x86.Build.0 = Release|Win32
	EndGlobalSection
	GlobalSection(SolutionProperties) = preSolution
		HideSolutionNode = FALSE
	EndGlobalSection
	GlobalSection(ExtensibilityGlobals) = postSolution
		SolutionGuid = {9B9EE1EA-DD3D-423E-829E-6099F8CB0ECC}
	EndGlobalSection
EndGlobal
